
Microsoft Visual Studio Solution File, Format Version 12.00
# Visual Studio 15
VisualStudioVersion = 15.0.28010.2026
MinimumVisualStudioVersion = 10.0.40219.1
Project("{FAE04EC0-301F-11D3-BF4B-00C04F79EFBC}") = "ToDo", "ToDo\ToDo.csproj", "{0B0CAAA1-4EB2-465C-9ACF-B7701AE75C6B}"
EndProject
Global
	GlobalSection(SolutionConfigurationPlatforms) = preSolution
		Debug|Any CPU = Debug|Any CPU
		Release|Any CPU = Release|Any CPU
	EndGlobalSection
	GlobalSection(ProjectConfigurationPlatforms) = postSolution
		{0B0CAAA1-4EB2-465C-9ACF-B7701AE75C6B}.Debug|Any CPU.ActiveCfg = Debug|Any CPU
		{0B0CAAA1-4EB2-465C-9ACF-B7701AE75C6B}.Debug|Any CPU.Build.0 = Debug|Any CPU
		{0B0CAAA1-4EB2-465C-9ACF-B7701AE75C6B}.Release|Any CPU.ActiveCfg = Release|Any CPU
		{0B0CAAA1-4EB2-465C-9ACF-B7701AE75C6B}.Release|Any CPU.Build.0 = Release|Any CPU
	EndGlobalSection
	GlobalSection(SolutionProperties) = preSolution
		HideSolutionNode = FALSE
	EndGlobalSection
	GlobalSection(ExtensibilityGlobals) = postSolution
		SolutionGuid = {D5A9755E-173C-4981-8372-1056BBAB34FF}
	EndGlobalSection
EndGlobal
